// !$*UTF8*$!
{
	archiveVersion = 1;
	classes = {
	};
	objectVersion = 46;
	objects = {

/* Begin PBXBuildFile section */
		7F4EC68F1E2FF33D0094E850 /* RatingControl.swift in Sources */ = {isa = PBXBuildFile; fileRef = 7F4EC68E1E2FF33D0094E850 /* RatingControl.swift */; };
		7FDEDFFD1E2EB36F0096A5F6 /* AppDelegate.swift in Sources */ = {isa = PBXBuildFile; fileRef = 7FDEDFFC1E2EB36F0096A5F6 /* AppDelegate.swift */; };
		7FDEDFFF1E2EB36F0096A5F6 /* ViewController.swift in Sources */ = {isa = PBXBuildFile; fileRef = 7FDEDFFE1E2EB36F0096A5F6 /* ViewController.swift */; };
		7FDEE0021E2EB36F0096A5F6 /* Main.storyboard in Resources */ = {isa = PBXBuildFile; fileRef = 7FDEE0001E2EB36F0096A5F6 /* Main.storyboard */; };
		7FDEE0041E2EB36F0096A5F6 /* Assets.xcassets in Resources */ = {isa = PBXBuildFile; fileRef = 7FDEE0031E2EB36F0096A5F6 /* Assets.xcassets */; };
		7FDEE0071E2EB36F0096A5F6 /* LaunchScreen.storyboard in Resources */ = {isa = PBXBuildFile; fileRef = 7FDEE0051E2EB36F0096A5F6 /* LaunchScreen.storyboard */; };
		7FDEE0121E2EB3700096A5F6 /* FoodTrackerTests.swift in Sources */ = {isa = PBXBuildFile; fileRef = 7FDEE0111E2EB3700096A5F6 /* FoodTrackerTests.swift */; };
/* End PBXBuildFile section */

/* Begin PBXContainerItemProxy section */
		7FDEE00E1E2EB3700096A5F6 /* PBXContainerItemProxy */ = {
			isa = PBXContainerItemProxy;
			containerPortal = 7FDEDFF11E2EB36F0096A5F6 /* Project object */;
			proxyType = 1;
			remoteGlobalIDString = 7FDEDFF81E2EB36F0096A5F6;
			remoteInfo = FoodTracker;
		};
/* End PBXContainerItemProxy section */

/* Begin PBXFileReference section */
		7F4EC68E1E2FF33D0094E850 /* RatingControl.swift */ = {isa = PBXFileReference; fileEncoding = 4; lastKnownFileType = sourcecode.swift; path = RatingControl.swift; sourceTree = "<group>"; };
		7FDEDFF91E2EB36F0096A5F6 /* FoodTracker.app */ = {isa = PBXFileReference; explicitFileType = wrapper.application; includeInIndex = 0; path = FoodTracker.app; sourceTree = BUILT_PRODUCTS_DIR; };
		7FDEDFFC1E2EB36F0096A5F6 /* AppDelegate.swift */ = {isa = PBXFileReference; lastKnownFileType = sourcecode.swift; path = AppDelegate.swift; sourceTree = "<group>"; };
		7FDEDFFE1E2EB36F0096A5F6 /* ViewController.swift */ = {isa = PBXFileReference; lastKnownFileType = sourcecode.swift; path = ViewController.swift; sourceTree = "<group>"; };
		7FDEE0011E2EB36F0096A5F6 /* Base */ = {isa = PBXFileReference; lastKnownFileType = file.storyboard; name = Base; path = Base.lproj/Main.storyboard; sourceTree = "<group>"; };
		7FDEE0031E2EB36F0096A5F6 /* Assets.xcassets */ = {isa = PBXFileReference; lastKnownFileType = folder.assetcatalog; path = Assets.xcassets; sourceTree = "<group>"; };
		7FDEE0061E2EB36F0096A5F6 /* Base */ = {isa = PBXFileReference; lastKnownFileType = file.storyboard; name = Base; path = Base.lproj/LaunchScreen.storyboard; sourceTree = "<group>"; };
		7FDEE0081E2EB36F0096A5F6 /* Info.plist */ = {isa = PBXFileReference; lastKnownFileType = text.plist.xml; path = Info.plist; sourceTree = "<group>"; };
		7FDEE00D1E2EB3700096A5F6 /* FoodTrackerTests.xctest */ = {isa = PBXFileReference; explicitFileType = wrapper.cfbundle; includeInIndex = 0; path = FoodTrackerTests.xctest; sourceTree = BUILT_PRODUCTS_DIR; };
		7FDEE0111E2EB3700096A5F6 /* FoodTrackerTests.swift */ = {isa = PBXFileReference; lastKnownFileType = sourcecode.swift; path = FoodTrackerTests.swift; sourceTree = "<group>"; };
		7FDEE0131E2EB3700096A5F6 /* Info.plist */ = {isa = PBXFileReference; lastKnownFileType = text.plist.xml; path = Info.plist; sourceTree = "<group>"; };
/* End PBXFileReference section */

/* Begin PBXFrameworksBuildPhase section */
		7FDEDFF61E2EB36F0096A5F6 /* Frameworks */ = {
			isa = PBXFrameworksBuildPhase;
			buildActionMask = 2147483647;
			files = (
			);
			runOnlyForDeploymentPostprocessing = 0;
		};
		7FDEE00A1E2EB3700096A5F6 /* Frameworks */ = {
			isa = PBXFrameworksBuildPhase;
			buildActionMask = 2147483647;
			files = (
			);
			runOnlyForDeploymentPostprocessing = 0;
		};
/* End PBXFrameworksBuildPhase section */

/* Begin PBXGroup section */
		7FDEDFF01E2EB36F0096A5F6 = {
			isa = PBXGroup;
			children = (
				7FDEDFFB1E2EB36F0096A5F6 /* FoodTracker */,
				7FDEE0101E2EB3700096A5F6 /* FoodTrackerTests */,
				7FDEDFFA1E2EB36F0096A5F6 /* Products */,
			);
			sourceTree = "<group>";
		};
		7FDEDFFA1E2EB36F0096A5F6 /* Products */ = {
			isa = PBXGroup;
			children = (
				7FDEDFF91E2EB36F0096A5F6 /* FoodTracker.app */,
				7FDEE00D1E2EB3700096A5F6 /* FoodTrackerTests.xctest */,
			);
			name = Products;
			sourceTree = "<group>";
		};
		7FDEDFFB1E2EB36F0096A5F6 /* FoodTracker */ = {
			isa = PBXGroup;
			children = (
				7FDEDFFC1E2EB36F0096A5F6 /* AppDelegate.swift */,
				7FDEDFFE1E2EB36F0096A5F6 /* ViewController.swift */,
				7F4EC68E1E2FF33D0094E850 /* RatingControl.swift */,
				7FDEE0001E2EB36F0096A5F6 /* Main.storyboard */,
				7FDEE0031E2EB36F0096A5F6 /* Assets.xcassets */,
				7FDEE0051E2EB36F0096A5F6 /* LaunchScreen.storyboard */,
				7FDEE0081E2EB36F0096A5F6 /* Info.plist */,
			);
			path = FoodTracker;
			sourceTree = "<group>";
		};
		7FDEE0101E2EB3700096A5F6 /* FoodTrackerTests */ = {
			isa = PBXGroup;
			children = (
				7FDEE0111E2EB3700096A5F6 /* FoodTrackerTests.swift */,
				7FDEE0131E2EB3700096A5F6 /* Info.plist */,
			);
			path = FoodTrackerTests;
			sourceTree = "<group>";
		};
/* End PBXGroup section */

/* Begin PBXNativeTarget section */
		7FDEDFF81E2EB36F0096A5F6 /* FoodTracker */ = {
			isa = PBXNativeTarget;
			buildConfigurationList = 7FDEE0161E2EB3700096A5F6 /* Build configuration list for PBXNativeTarget "FoodTracker" */;
			buildPhases = (
				7FDEDFF51E2EB36F0096A5F6 /* Sources */,
				7FDEDFF61E2EB36F0096A5F6 /* Frameworks */,
				7FDEDFF71E2EB36F0096A5F6 /* Resources */,
			);
			buildRules = (
			);
			dependencies = (
			);
			name = FoodTracker;
			productName = FoodTracker;
			productReference = 7FDEDFF91E2EB36F0096A5F6 /* FoodTracker.app */;
			productType = "com.apple.product-type.application";
		};
		7FDEE00C1E2EB3700096A5F6 /* FoodTrackerTests */ = {
			isa = PBXNativeTarget;
			buildConfigurationList = 7FDEE0191E2EB3700096A5F6 /* Build configuration list for PBXNativeTarget "FoodTrackerTests" */;
			buildPhases = (
				7FDEE0091E2EB3700096A5F6 /* Sources */,
				7FDEE00A1E2EB3700096A5F6 /* Frameworks */,
				7FDEE00B1E2EB3700096A5F6 /* Resources */,
			);
			buildRules = (
			);
			dependencies = (
				7FDEE00F1E2EB3700096A5F6 /* PBXTargetDependency */,
			);
			name = FoodTrackerTests;
			productName = FoodTrackerTests;
			productReference = 7FDEE00D1E2EB3700096A5F6 /* FoodTrackerTests.xctest */;
			productType = "com.apple.product-type.bundle.unit-test";
		};
/* End PBXNativeTarget section */

/* Begin PBXProject section */
		7FDEDFF11E2EB36F0096A5F6 /* Project object */ = {
			isa = PBXProject;
			attributes = {
				LastSwiftUpdateCheck = 0820;
				LastUpgradeCheck = 0820;
				ORGANIZATIONNAME = "Mario Thomas";
				TargetAttributes = {
					7FDEDFF81E2EB36F0096A5F6 = {
						CreatedOnToolsVersion = 8.2;
						ProvisioningStyle = Automatic;
					};
					7FDEE00C1E2EB3700096A5F6 = {
						CreatedOnToolsVersion = 8.2;
						ProvisioningStyle = Automatic;
						TestTargetID = 7FDEDFF81E2EB36F0096A5F6;
					};
				};
			};
			buildConfigurationList = 7FDEDFF41E2EB36F0096A5F6 /* Build configuration list for PBXProject "FoodTracker" */;
			compatibilityVersion = "Xcode 3.2";
			developmentRegion = English;
			hasScannedForEncodings = 0;
			knownRegions = (
				en,
				Base,
			);
			mainGroup = 7FDEDFF01E2EB36F0096A5F6;
			productRefGroup = 7FDEDFFA1E2EB36F0096A5F6 /* Products */;
			projectDirPath = "";
			projectRoot = "";
			targets = (
				7FDEDFF81E2EB36F0096A5F6 /* FoodTracker */,
				7FDEE00C1E2EB3700096A5F6 /* FoodTrackerTests */,
			);
		};
/* End PBXProject section */

/* Begin PBXResourcesBuildPhase section */
		7FDEDFF71E2EB36F0096A5F6 /* Resources */ = {
			isa = PBXResourcesBuildPhase;
			buildActionMask = 2147483647;
			files = (
				7FDEE0071E2EB36F0096A5F6 /* LaunchScreen.storyboard in Resources */,
				7FDEE0041E2EB36F0096A5F6 /* Assets.xcassets in Resources */,
				7FDEE0021E2EB36F0096A5F6 /* Main.storyboard in Resources */,
			);
			runOnlyForDeploymentPostprocessing = 0;
		};
		7FDEE00B1E2EB3700096A5F6 /* Resources */ = {
			isa = PBXResourcesBuildPhase;
			buildActionMask = 2147483647;
			files = (
			);
			runOnlyForDeploymentPostprocessing = 0;
		};
/* End PBXResourcesBuildPhase section */

/* Begin PBXSourcesBuildPhase section */
		7FDEDFF51E2EB36F0096A5F6 /* Sources */ = {
			isa = PBXSourcesBuildPhase;
			buildActionMask = 2147483647;
			files = (
				7FDEDFFF1E2EB36F0096A5F6 /* ViewController.swift in Sources */,
				7F4EC68F1E2FF33D0094E850 /* RatingControl.swift in Sources */,
				7FDEDFFD1E2EB36F0096A5F6 /* AppDelegate.swift in Sources */,
			);
			runOnlyForDeploymentPostprocessing = 0;
		};
		7FDEE0091E2EB3700096A5F6 /* Sources */ = {
			isa = PBXSourcesBuildPhase;
			buildActionMask = 2147483647;
			files = (
				7FDEE0121E2EB3700096A5F6 /* FoodTrackerTests.swift in Sources */,
			);
			runOnlyForDeploymentPostprocessing = 0;
		};
/* End PBXSourcesBuildPhase section */

/* Begin PBXTargetDependency section */
		7FDEE00F1E2EB3700096A5F6 /* PBXTargetDependency */ = {
			isa = PBXTargetDependency;
			target = 7FDEDFF81E2EB36F0096A5F6 /* FoodTracker */;
			targetProxy = 7FDEE00E1E2EB3700096A5F6 /* PBXContainerItemProxy */;
		};
/* End PBXTargetDependency section */

/* Begin PBXVariantGroup section */
		7FDEE0001E2EB36F0096A5F6 /* Main.storyboard */ = {
			isa = PBXVariantGroup;
			children = (
				7FDEE0011E2EB36F0096A5F6 /* Base */,
			);
			name = Main.storyboard;
			sourceTree = "<group>";
		};
		7FDEE0051E2EB36F0096A5F6 /* LaunchScreen.storyboard */ = {
			isa = PBXVariantGroup;
			children = (
				7FDEE0061E2EB36F0096A5F6 /* Base */,
			);
			name = LaunchScreen.storyboard;
			sourceTree = "<group>";
		};
/* End PBXVariantGroup section */

/* Begin XCBuildConfiguration section */
		7FDEE0141E2EB3700096A5F6 /* Debug */ = {
			isa = XCBuildConfiguration;
			buildSettings = {
				ALWAYS_SEARCH_USER_PATHS = NO;
				CLANG_ANALYZER_NONNULL = YES;
				CLANG_CXX_LANGUAGE_STANDARD = "gnu++0x";
				CLANG_CXX_LIBRARY = "libc++";
				CLANG_ENABLE_MODULES = YES;
				CLANG_ENABLE_OBJC_ARC = YES;
				CLANG_WARN_BOOL_CONVERSION = YES;
				CLANG_WARN_CONSTANT_CONVERSION = YES;
				CLANG_WARN_DIRECT_OBJC_ISA_USAGE = YES_ERROR;
				CLANG_WARN_DOCUMENTATION_COMMENTS = YES;
				CLANG_WARN_EMPTY_BODY = YES;
				CLANG_WARN_ENUM_CONVERSION = YES;
				CLANG_WARN_INFINITE_RECURSION = YES;
				CLANG_WARN_INT_CONVERSION = YES;
				CLANG_WARN_OBJC_ROOT_CLASS = YES_ERROR;
				CLANG_WARN_SUSPICIOUS_MOVE = YES;
				CLANG_WARN_UNREACHABLE_CODE = YES;
				CLANG_WARN__DUPLICATE_METHOD_MATCH = YES;
				"CODE_SIGN_IDENTITY[sdk=iphoneos*]" = "iPhone Developer";
				COPY_PHASE_STRIP = NO;
				DEBUG_INFORMATION_FORMAT = dwarf;
				ENABLE_STRICT_OBJC_MSGSEND = YES;
				ENABLE_TESTABILITY = YES;
				GCC_C_LANGUAGE_STANDARD = gnu99;
				GCC_DYNAMIC_NO_PIC = NO;
				GCC_NO_COMMON_BLOCKS = YES;
				GCC_OPTIMIZATION_LEVEL = 0;
				GCC_PREPROCESSOR_DEFINITIONS = (
					"DEBUG=1",
					"$(inherited)",
				);
				GCC_WARN_64_TO_32_BIT_CONVERSION = YES;
				GCC_WARN_ABOUT_RETURN_TYPE = YES_ERROR;
				GCC_WARN_UNDECLARED_SELECTOR = YES;
				GCC_WARN_UNINITIALIZED_AUTOS = YES_AGGRESSIVE;
				GCC_WARN_UNUSED_FUNCTION = YES;
				GCC_WARN_UNUSED_VARIABLE = YES;
				IPHONEOS_DEPLOYMENT_TARGET = 10.2;
				MTL_ENABLE_DEBUG_INFO = YES;
				ONLY_ACTIVE_ARCH = YES;
				SDKROOT = iphoneos;
				SWIFT_ACTIVE_COMPILATION_CONDITIONS = DEBUG;
				SWIFT_OPTIMIZATION_LEVEL = "-Onone";
				TARGETED_DEVICE_FAMILY = "1,2";
			};
			name = Debug;
		};
		7FDEE0151E2EB3700096A5F6 /* Release */ = {
			isa = XCBuildConfiguration;
			buildSettings = {
				ALWAYS_SEARCH_USER_PATHS = NO;
				CLANG_ANALYZER_NONNULL = YES;
				CLANG_CXX_LANGUAGE_STANDARD = "gnu++0x";
				CLANG_CXX_LIBRARY = "libc++";
				CLANG_ENABLE_MODULES = YES;
				CLANG_ENABLE_OBJC_ARC = YES;
				CLANG_WARN_BOOL_CONVERSION = YES;
				CLANG_WARN_CONSTANT_CONVERSION = YES;
				CLANG_WARN_DIRECT_OBJC_ISA_USAGE = YES_ERROR;
				CLANG_WARN_DOCUMENTATION_COMMENTS = YES;
				CLANG_WARN_EMPTY_BODY = YES;
				CLANG_WARN_ENUM_CONVERSION = YES;
				CLANG_WARN_INFINITE_RECURSION = YES;
				CLANG_WARN_INT_CONVERSION = YES;
				CLANG_WARN_OBJC_ROOT_CLASS = YES_ERROR;
				CLANG_WARN_SUSPICIOUS_MOVE = YES;
				CLANG_WARN_UNREACHABLE_CODE = YES;
				CLANG_WARN__DUPLICATE_METHOD_MATCH = YES;
				"CODE_SIGN_IDENTITY[sdk=iphoneos*]" = "iPhone Developer";
				COPY_PHASE_STRIP = NO;
				DEBUG_INFORMATION_FORMAT = "dwarf-with-dsym";
				ENABLE_NS_ASSERTIONS = NO;
				ENABLE_STRICT_OBJC_MSGSEND = YES;
				GCC_C_LANGUAGE_STANDARD = gnu99;
				GCC_NO_COMMON_BLOCKS = YES;
				GCC_WARN_64_TO_32_BIT_CONVERSION = YES;
				GCC_WARN_ABOUT_RETURN_TYPE = YES_ERROR;
				GCC_WARN_UNDECLARED_SELECTOR = YES;
				GCC_WARN_UNINITIALIZED_AUTOS = YES_AGGRESSIVE;
				GCC_WARN_UNUSED_FUNCTION = YES;
				GCC_WARN_UNUSED_VARIABLE = YES;
				IPHONEOS_DEPLOYMENT_TARGET = 10.2;
				MTL_ENABLE_DEBUG_INFO = NO;
				SDKROOT = iphoneos;
				SWIFT_OPTIMIZATION_LEVEL = "-Owholemodule";
				TARGETED_DEVICE_FAMILY = "1,2";
				VALIDATE_PRODUCT = YES;
			};
			name = Release;
		};
		7FDEE0171E2EB3700096A5F6 /* Debug */ = {
			isa = XCBuildConfiguration;
			buildSettings = {
				ASSETCATALOG_COMPILER_APPICON_NAME = AppIcon;
				INFOPLIST_FILE = FoodTracker/Info.plist;
				LD_RUNPATH_SEARCH_PATHS = "$(inherited) @executable_path/Frameworks";
				PRODUCT_BUNDLE_IDENTIFIER = com.tamosys.FoodTracker;
				PRODUCT_NAME = "$(TARGET_NAME)";
				SWIFT_VERSION = 3.0;
			};
			name = Debug;
		};
		7FDEE0181E2EB3700096A5F6 /* Release */ = {
			isa = XCBuildConfiguration;
			buildSettings = {
				ASSETCATALOG_COMPILER_APPICON_NAME = AppIcon;
				INFOPLIST_FILE = FoodTracker/Info.plist;
				LD_RUNPATH_SEARCH_PATHS = "$(inherited) @executable_path/Frameworks";
				PRODUCT_BUNDLE_IDENTIFIER = com.tamosys.FoodTracker;
				PRODUCT_NAME = "$(TARGET_NAME)";
				SWIFT_VERSION = 3.0;
			};
			name = Release;
		};
		7FDEE01A1E2EB3700096A5F6 /* Debug */ = {
			isa = XCBuildConfiguration;
			buildSettings = {
				ALWAYS_EMBED_SWIFT_STANDARD_LIBRARIES = YES;
				BUNDLE_LOADER = "$(TEST_HOST)";
				INFOPLIST_FILE = FoodTrackerTests/Info.plist;
				LD_RUNPATH_SEARCH_PATHS = "$(inherited) @executable_path/Frameworks @loader_path/Frameworks";
				PRODUCT_BUNDLE_IDENTIFIER = com.tamosys.FoodTrackerTests;
				PRODUCT_NAME = "$(TARGET_NAME)";
				SWIFT_VERSION = 3.0;
				TEST_HOST = "$(BUILT_PRODUCTS_DIR)/FoodTracker.app/FoodTracker";
			};
			name = Debug;
		};
		7FDEE01B1E2EB3700096A5F6 /* Release */ = {
			isa = XCBuildConfiguration;
			buildSettings = {
				ALWAYS_EMBED_SWIFT_STANDARD_LIBRARIES = YES;
				BUNDLE_LOADER = "$(TEST_HOST)";
				INFOPLIST_FILE = FoodTrackerTests/Info.plist;
				LD_RUNPATH_SEARCH_PATHS = "$(inherited) @executable_path/Frameworks @loader_path/Frameworks";
				PRODUCT_BUNDLE_IDENTIFIER = com.tamosys.FoodTrackerTests;
				PRODUCT_NAME = "$(TARGET_NAME)";
				SWIFT_VERSION = 3.0;
				TEST_HOST = "$(BUILT_PRODUCTS_DIR)/FoodTracker.app/FoodTracker";
			};
			name = Release;
		};
/* End XCBuildConfiguration section */

/* Begin XCConfigurationList section */
		7FDEDFF41E2EB36F0096A5F6 /* Build configuration list for PBXProject "FoodTracker" */ = {
			isa = XCConfigurationList;
			buildConfigurations = (
				7FDEE0141E2EB3700096A5F6 /* Debug */,
				7FDEE0151E2EB3700096A5F6 /* Release */,
			);
			defaultConfigurationIsVisible = 0;
			defaultConfigurationName = Release;
		};
		7FDEE0161E2EB3700096A5F6 /* Build configuration list for PBXNativeTarget "FoodTracker" */ = {
			isa = XCConfigurationList;
			buildConfigurations = (
				7FDEE0171E2EB3700096A5F6 /* Debug */,
				7FDEE0181E2EB3700096A5F6 /* Release */,
			);
			defaultConfigurationIsVisible = 0;
			defaultConfigurationName = Release;
		};
		7FDEE0191E2EB3700096A5F6 /* Build configuration list for PBXNativeTarget "FoodTrackerTests" */ = {
			isa = XCConfigurationList;
			buildConfigurations = (
				7FDEE01A1E2EB3700096A5F6 /* Debug */,
				7FDEE01B1E2EB3700096A5F6 /* Release */,
			);
			defaultConfigurationIsVisible = 0;
			defaultConfigurationName = Release;
		};
/* End XCConfigurationList section */
	};
	rootObject = 7FDEDFF11E2EB36F0096A5F6 /* Project object */;
}
